---
lockfileVersion: '9.0'

importers:

  .:
    configDependencies: {}
    packageManagerDependencies:
      pnpm:
        specifier: 12.5.1
        version: 12.5.1

packages:

  '@pnpm/exe.android-arm64@12.5.1':
    resolution: {integrity: sha512-6LGBmQuDzUmgpHSuy+haG0jrmkwFNa4EuShDZqK3cIBv4Wfb75CzjJmowkzr+iJg40vnBKMQ62t4Ko6mwsId7A==}
    cpu: [arm64]
    os: [android]

  '@pnpm/exe.android-x64@12.5.1':
    resolution: {integrity: sha512-091oCltP3Rx89yxL1Wh5rXkUXEyFzyxIzSHKRFDyDFlQkb8Ox8FaDcm+M8PNkMyqnLA+qeGOLzY7Rjj9izl1Ww==}
    cpu: [x64]
    os: [android]

  '@pnpm/exe.darwin-arm64@12.5.1':
    resolution: {integrity: sha512-r1vEMQPVjRexZMyL2HonxJoo3+nuB/+G+tg+f2PK6faRdXX1TDwevKXOxJAfqlPInTy6W/pm912+s+m0NcR4BQ==}
    cpu: [arm64]
    os: [darwin]

  '@pnpm/exe.darwin-x64@12.5.1':
    resolution: {integrity: sha512-YHwI1g2B+Y2cAEylOR31r781GWijdJL7Gy7TEn/ZpZ5v/Cuwp5/Pz0EFCgo0M2MKLafAbL/laUMGvOpAdnerAw==}
    cpu: [x64]
    os: [darwin]

  '@pnpm/exe.freebsd-x64@12.5.1':
    resolution: {integrity: sha512-sFUMHiYFs6q5syFwgaVppzhQSmqnXoJIz/YwTXIOXTDE76ndIpTRpDGAnBCBKjsaEBnqjJA/2l6hpJcNDNoMiA==}
    cpu: [x64]
    os: [freebsd]

  '@pnpm/exe.linux-arm64-musl@12.5.1':
    resolution: {integrity: sha512-zupuxYZBuBEGjUz805/4/Asq01UNziFADANt8yp+LdUjU9bbMa3xY78Bx1PsGDqBy7aiad4sdUMK8ZxH4n4gmQ==}
    cpu: [arm64]
    os: [linux]
    libc: [musl]

  '@pnpm/exe.linux-arm64@12.5.1':
    resolution: {integrity: sha512-6hbMWW2/eQo1b5wvQPe/ndLHVTH88Rav6N+ffD4/h6IuFMjWCgasFYYsFv0GrvpqREAx3SwmZSvli+0NFXqbxA==}
    cpu: [arm64]
    os: [linux]
    libc: [glibc]

  '@pnpm/exe.linux-ppc64@12.5.1':
    resolution: {integrity: sha512-Gg3maDzaE/ZFMV9HIx/BwMN0Y6QbEs13URfxmiYHtKjjLAs5wEQZRMUP87YNLYO7cNaEfbM8GRbS9vPosyD9Gw==}
    cpu: [ppc64]
    os: [linux]
    libc: [glibc]

  '@pnpm/exe.linux-riscv64@12.5.1':
    resolution: {integrity: sha512-6fgWxXYMBMsWQ8DAiRevscX4QZQjwh+FsyCj8ZOk8pMXvqeq84MqBLCmS6KckvnbdqJ+HlSVQ7fs/kd0ldwfhA==}
    cpu: [riscv64]
    os: [linux]
    libc: [glibc]

  '@pnpm/exe.linux-s390x@12.5.1':
    resolution: {integrity: sha512-nzMZruRvxDhEfYUhzu+7EmM39+82Dgagc/6hPFPqGqzXNGcIG0anuxbUxfeNtI64SHt91KuuYUmCB/inlM+Pag==}
    cpu: [s390x]
    os: [linux]
    libc: [glibc]

  '@pnpm/exe.linux-x64-musl@12.5.1':
    resolution: {integrity: sha512-kHCbegdTNHpzmPtUD4S5fqkVkqgdQR47spF9p2VPP3dIIkZl6Ytk8w0vhlAsAGgge8FmucfwX+vvPKgm0NtOCQ==}
    cpu: [x64]
    os: [linux]
    libc: [musl]

  '@pnpm/exe.linux-x64@12.5.1':
    resolution: {integrity: sha512-3PkUBYo5z4dgtlnTNIFj7QGpcDUAuqXz9WGVigPDCeccEnhGiRkWmA5102TmYJHtwJP3LfmE+ZF9PGeWhn8p9Q==}
    cpu: [x64]
    os: [linux]
    libc: [glibc]

  '@pnpm/exe.win32-arm64@12.5.1':
    resolution: {integrity: sha512-49NvjZIXHly56/PLoEDD7VphbO4N8dwMXoApElDFCpVGDNGeKlwlib1tXtnpTF6i2/XIsAj7GgatHB5KHXgBnA==}
    cpu: [arm64]
    os: [win32]

  '@pnpm/exe.win32-x64@12.5.1':
    resolution: {integrity: sha512-ePUmQFPAPJFNMwg1lelDx2PdjHqYRiF0yfg5e6qeDbPNOu97QNo557Ru/SxmCrmt8ydQWNuZXWpdEp019md5vw==}
    cpu: [x64]
    os: [win32]

  pnpm@12.5.1:
    resolution: {integrity: sha512-4/MFvHhKK8ifWtO2E4iJRw+ujSr182thIW7JHCw9ZAiXdfneOKrDMQROpA8kXLDVZmOS399lgk4ZB+9qLGLeXw==}
    engines: {node: '>=18.*'}
    hasBin: true

snapshots:

  '@pnpm/exe.android-arm64@12.5.1':
    optional: true

  '@pnpm/exe.android-x64@12.5.1':
    optional: true

  '@pnpm/exe.darwin-arm64@12.5.1':
    optional: true

  '@pnpm/exe.darwin-x64@12.5.1':
    optional: true

  '@pnpm/exe.freebsd-x64@12.5.1':
    optional: true

  '@pnpm/exe.linux-arm64-musl@12.5.1':
    optional: true

  '@pnpm/exe.linux-arm64@12.5.1':
    optional: true

  '@pnpm/exe.linux-ppc64@12.5.1':
    optional: true

  '@pnpm/exe.linux-riscv64@12.5.1':
    optional: true

  '@pnpm/exe.linux-s390x@12.5.1':
    optional: true

  '@pnpm/exe.linux-x64-musl@12.5.1':
    optional: true

  '@pnpm/exe.linux-x64@12.5.1':
    optional: true

  '@pnpm/exe.win32-arm64@12.5.1':
    optional: true

  '@pnpm/exe.win32-x64@12.5.1':
    optional: true

  pnpm@12.5.1:
    optionalDependencies:
      '@pnpm/exe.android-arm64': 12.5.1
      '@pnpm/exe.android-x64': 12.5.1
      '@pnpm/exe.darwin-arm64': 12.5.1
      '@pnpm/exe.darwin-x64': 12.5.1
      '@pnpm/exe.freebsd-x64': 12.5.1
      '@pnpm/exe.linux-arm64': 12.5.1
      '@pnpm/exe.linux-arm64-musl': 12.5.1
      '@pnpm/exe.linux-ppc64': 12.5.1
      '@pnpm/exe.linux-riscv64': 12.5.1
      '@pnpm/exe.linux-s390x': 12.5.1
      '@pnpm/exe.linux-x64': 12.5.1
      '@pnpm/exe.linux-x64-musl': 12.5.1
      '@pnpm/exe.win32-arm64': 12.5.1
      '@pnpm/exe.win32-x64': 12.5.1

---
lockfileVersion: '9.0'

settings:
  autoInstallPeers: true
  excludeLinksFromLockfile: false

importers:

  .:
    dependencies:
      '@libp2p/peer-store':
        specifier: 11.0.22
        version: 11.0.22
      paella-core:
        specifier: 1.50.5
        version: 1.50.5

packages:

  '@chainsafe/is-ip@2.1.0':
    resolution: {integrity: sha512-KIjt+6IfysQ4GCv66xihEitBjvhU/bixbbbFxdJ1sqCp4uJ0wuZiYBPhksZoy4lfaF0k9cwNzY5upEW/VWdw3w==}

  '@chainsafe/netmask@2.0.0':
    resolution: {integrity: sha512-I3Z+6SWUoaljh3TBzCnCxjlUyN8tA+NAk5L6m9IxvCf1BENQTePzPMis97CoN/iMW1St3WN+AWCCRp+TTBRiDg==}

  '@dnsquery/dns-packet@6.1.1':
    resolution: {integrity: sha512-WXTuFvL3G+74SchFAtz3FgIYVOe196ycvGsMgvSH/8Goptb1qpIQtIuM4SOK9G9lhMWYpHxnXyy544ZhluFOew==}
    engines: {node: '>=6'}

  '@leichtgewicht/ip-codec@2.0.5':
    resolution: {integrity: sha512-Vo+PSpZG2/fmgmiNzYK9qWRh8h/CHrwD0mo1h1DzL4yzHNSfWYujGTYsWGreD000gcgmZ7K4Ys6Tx9TxtsKdDw==}

  '@libp2p/crypto@5.1.23':
    resolution: {integrity: sha512-u6XVMD1YpUJgjS5MAayrxlzi+hQcj3FHY0wS6/M/T93ntyCW13BmmRzFb2ESamk65PEuSCAChmQeSzRV2sh2rQ==}

  '@libp2p/interface@2.11.0':
    resolution: {integrity: sha512-0MUFKoXWHTQW3oWIgSHApmYMUKWO/Y02+7Hpyp+n3z+geD4Xo2Rku2gYWmxcq+Pyjkz6Q9YjDWz3Yb2SoV2E8Q==}

  '@libp2p/interface@3.3.0':
    resolution: {integrity: sha512-SXahM/4IgpiFKTtocbXYSTA1wEUVjktmT1yBCzBbc2Vgsu1VBCg6SvsFmXo2Hbeyev3D8EU+y3uaCKDB43C/Vg==}

  '@libp2p/logger@5.2.0':
    resolution: {integrity: sha512-OEFS529CnIKfbWEHmuCNESw9q0D0hL8cQ8klQfjIVPur15RcgAEgc1buQ7Y6l0B6tCYg120bp55+e9tGvn8c0g==}

  '@libp2p/peer-id@5.1.9':
    resolution: {integrity: sha512-cVDp7lX187Epmi/zr0Qq2RsEMmueswP9eIxYSFoMcHL/qcvRFhsxOfUGB8361E26s2WJvC9sXZ0oJS9XVueJhQ==}

  '@libp2p/peer-record@8.0.35':
    resolution: {integrity: sha512-0818zvjKbucq5XBnusG8oSWxJ992rVry/2qlfcn/nyK/uDrZ12tjDYHNMCoOWTNeFvFUVkMg9pRkvXvTNp6Yiw==}

  '@libp2p/peer-store@11.0.22':
    resolution: {integrity: sha512-G0RDCMvoWIH/woR2Uy+khrPMwdB6LP1UIxkP1AMx1oW++BtTjzB/XnaJVTdyCcQ/Q0MqVUcbga7mBT3l3lw7DA==}

  '@libp2p/utils@6.7.2':
    resolution: {integrity: sha512-yglVPcYErb4al3MMTdedVLLsdUvr5KaqrrxohxTl/FXMFBvBs0o3w8lo29nfnTUpnNSHFhWZ9at0ZGNnpT/C/w==}

  '@multiformats/dns@1.0.15':
    resolution: {integrity: sha512-W0zAMABtAn+3chgFcPGvllKND7M6GblMAAFcJQTy+iMmGiyFErZYPzAh2b50Y3SFf340iFV7+ckVgZkGfUyxzA==}

  '@multiformats/multiaddr@12.5.1':
    resolution: {integrity: sha512-+DDlr9LIRUS8KncI1TX/FfUn8F2dl6BIxJgshS/yFQCNB5IAF0OGzcwB39g5NLE22s4qqDePv0Qof6HdpJ/4aQ==}

  '@multiformats/multiaddr@13.0.3':
    resolution: {integrity: sha512-mEqqJ4r3a/uuFMTpRkU316wGNIDQNhuVWpm+ebKTQeYsfv9jXbPONWM6VVnj3KGUrwfsX7GZOyp4TFqEA2SPCw==}

  '@noble/curves@2.4.0':
    resolution: {integrity: sha512-P4/62zrgfH33CneE3Dn4WhJVA22YUU0eR51wKIan4NVRvwsA0YnPTwWGpNbpuacSujmSFLvyzpyuR30+fbq2Ew==}
    engines: {node: '>= 20.19.0'}

  '@noble/hashes@2.4.0':
    resolution: {integrity: sha512-X5XaVWZIBCT7HHZGm5I7ZQXDwLG+bGXuSrMQAW+7Zvl87h1kmc1ZB1VSRJcpUfoUrGQp4Fkoxm5kZ+Ms+aW+eA==}
    engines: {node: '>= 20.19.0'}

  '@sindresorhus/fnv1a@3.1.0':
    resolution: {integrity: sha512-KV321z5m/0nuAg83W1dPLy85HpHDk7Sdi4fJbwvacWsEhAh+rZUW4ZfGcXmUIvjZg4ss2bcwNlRhJ7GBEUG08w==}
    engines: {node: ^12.20.0 || ^14.13.1 || >=16.0.0}

  abort-error@1.0.2:
    resolution: {integrity: sha512-lVgvB2NyPLqbXXhVmXcYFTC1x5K7CiVdPgdY7LGgFQWC8506oN01sPN3i9cl9ynuwF4iJ0TS9exnR7cZ9FuX4w==}

  any-signal@4.2.0:
    resolution: {integrity: sha512-LndMvYuAPf4rC195lk7oSFuHOYFpOszIYrNYv0gHAvz+aEhE9qPZLhmrIz5pXP2BSsPOXvsuHDXEGaiQhIh9wA==}
    engines: {node: '>=16.0.0', npm: '>=7.0.0'}

  core-js@3.50.0:
    resolution: {integrity: sha512-BRWgOLKkFeCgRudR6zrs8p9XJZcE14grzKMMssoYrk6krtuEZ7MTKPIY5RzOnqsEKIR9kst7wNzphttraT+Yqw==}

  delay@6.0.0:
    resolution: {integrity: sha512-2NJozoOHQ4NuZuVIr5CWd0iiLVIRSDepakaovIN+9eIDHEhdCAEvSy2cuf1DCrPPQLvHmbqTHODlhHg8UCy4zw==}
    engines: {node: '>=16'}

  eventemitter3@5.0.4:
    resolution: {integrity: sha512-mlsTRyGaPBjPedk6Bvw+aqbsXDtoAyAzm5MO7JgU+yVRyMQ5O8bD4Kcci7BS85f93veegeCPkL8R4GLClnjLFw==}

  get-iterator@2.0.1:
    resolution: {integrity: sha512-7HuY/hebu4gryTDT7O/XY/fvY9wRByEGdK6QOa4of8npTcv0+NS6frFKABcf6S9EBAsveTuKTsZQQBFMMNILIg==}

  hashlru@2.3.0:
    resolution: {integrity: sha512-0cMsjjIC8I+D3M44pOQdsy0OHXGLVz6Z0beRuufhKa0KfaD2wGwAev6jILzXsd3/vpnNQJmWyZtIILqM1N+n5A==}

  hls.js@1.7.3:
    resolution: {integrity: sha512-MsPlx6yVW4Qv4C7mEVou4/gk/5cN2dVxOTnrNjPSmyH2f0Ln+/UkG10Ax1PE6OvrmTVPKgQYozTtBaPOuCzq7A==}

  interface-datastore@8.3.2:
    resolution: {integrity: sha512-R3NLts7pRbJKc3qFdQf+u40hK8XWc0w4Qkx3OFEstC80VoaDUABY/dXA2EJPhtNC+bsrf41Ehvqb6+pnIclyRA==}

  interface-store@6.0.3:
    resolution: {integrity: sha512-+WvfEZnFUhRwFxgz+QCQi7UC6o9AM0EHM9bpIe2Nhqb100NHCsTvNAn4eJgvgV2/tmLo1MP9nGxQKEcZTAueLA==}

  is-loopback-addr@2.1.0:
    resolution: {integrity: sha512-77bB59Coq+vGTibZlnuYVU1bUuiboGZ62ZJ7TqmgYKb+hko9dSlqS5OfqvmPZhwJys48At4y4D1UJP3GuvoXtQ==}

  is-plain-obj@4.1.0:
    resolution: {integrity: sha512-+Pgi+vMuUNkJyExiMBt5IlFoMyKnr5zhJ4Uspz58WOhBF5QoIZkFyNHIbBAtHwzVAgk5RtndVNsDRN61/mmDqg==}
    engines: {node: '>=12'}

  it-all@3.0.11:
    resolution: {integrity: sha512-Gvqj6MO4GMLnFdtE68HZRpGBskNC+9+GQ+JevTGNYLyhjUuPhjDLU3jN1LpBemXJDW1bRSkczqA/qGyKlPKrcQ==}

  it-foreach@2.1.7:
    resolution: {integrity: sha512-HoZgIF7DGU1X/8svRuJ7aPl6sge8W6MQxmMomkeAABNXJXoiXEU0xnvulzncRdd013Kh9SubXWhx6YjYw6lu5A==}

  it-merge@3.0.15:
    resolution: {integrity: sha512-rUskoyECUdJsUwpfBtiLXddm56J+vukMztq+PpfTss1mRl/aHv1YJs+6Q2XnpvDThFC2y4Xm636X0xh6IecPGg==}

  it-peekable@3.0.10:
    resolution: {integrity: sha512-2E6+p1pelZOhzp69aaiiBuEybWzAl10uYbIdCR3Pxy8bFNnS/kgpbLtGbNbIZ6RVdU7yHHkmATYwjy52GfFEKA==}

  it-pipe@3.0.1:
    resolution: {integrity: sha512-sIoNrQl1qSRg2seYSBH/3QxWhJFn9PKYvOf/bHdtCBF0bnghey44VyASsWzn5dAx0DCDDABq1hZIuzKmtBZmKA==}
    engines: {node: '>=16.0.0', npm: '>=7.0.0'}

  it-pushable@3.2.4:
    resolution: {integrity: sha512-WSD7Ss4oCRfDZJT4ldLWr0Bom/muY90xxoJ5PQnU3uSKf0kxCOeehqZtiJX1ARqn+ymXGh1bxpDW9bDNHp2ivQ==}

  it-queue@1.1.4:
    resolution: {integrity: sha512-cGH0+YfMPmwQ+lV+MhJcOXqOgE04h0zQCXvDUmvGGTyW0VqxJZbi7V+PQFEuPVN/5dHQg5RY9aVjMCgmxXaE5Q==}

  it-queueless-pushable@2.0.5:
    resolution: {integrity: sha512-BaKqGLL1AQMR1AEaxiM09vzJQVXHHhfhh9UV0qPqORw/8Rm8igDQqT1qHregfHIb1NIW9jxQ/aXBibHJyuivuQ==}

  it-stream-types@2.0.4:
    resolution: {integrity: sha512-tsX+klvMQ53J4Jm2B52vCIs7WD609ck+VS9X2TKMEv7VPY9VwaYKmSWyHek5QS0wHBtP0bWj9KMqCtAHgVKiXw==}

  main-event@1.0.5:
    resolution: {integrity: sha512-4l9z8r7Q446mhhVTwdHmfPksOYBwN2xa7ewEW2yxPVNQapIaAf57ORFLMB91SpMEMa4wXowect7fq3uMLjDnGA==}

  mortice@3.3.1:
    resolution: {integrity: sha512-t3oESfijIPGsmsdLEKjF+grHfrbnKSXflJtgb1wY14cjxZpS6GnhHRXTxxzCAoCCnq1YYfpEPwY3gjiCPhOufQ==}

  ms@4.0.0-nightly.202508271359:
    resolution: {integrity: sha512-WC/Eo7NzFrOV/RRrTaI0fxKVbNCzEy76j2VqNV8SxDf9D69gSE2Lh0QwYvDlhiYmheBYExAvEAxVf5NoN0cj2A==}
    engines: {node: '>=20'}

  multiformats@13.4.2:
    resolution: {integrity: sha512-eh6eHCrRi1+POZ3dA+Dq1C6jhP1GNtr9CRINMb67OKzqW9I5DUuZM/3jLPlzhgpGeiNUlEGEbkCYChXMCc/8DQ==}

  multiformats@14.0.5:
    resolution: {integrity: sha512-vbIm83F2yZ1pWJGS0yl0ysracIvv56LtbrIyiIQHoLdYDJOMoLfVFsXhh9DUH4SFdkdkFhucyWniihsNzVEjkQ==}

  netmask@2.1.1:
    resolution: {integrity: sha512-eonl3sLUha+S1GzTPxychyhnUzKyeQkZ7jLjKrBagJgPla13F+uQ71HgpFefyHgqrjEbCPkDArxYsjY8/+gLKA==}
    engines: {node: '>= 0.4.0'}

  p-defer@4.0.1:
    resolution: {integrity: sha512-Mr5KC5efvAK5VUptYEIopP1bakB85k2IWXaRC0rsh1uwn1L6M0LVml8OIQ4Gudg4oyZakf7FmeRLkMMtZW1i5A==}
    engines: {node: '>=12'}

  p-queue@9.3.3:
    resolution: {integrity: sha512-NXAOdnEe5FsZJfT4oK84lE1Y5cFFdWlRuOo5tww8DyNMxyRXwn39fIkUtNLKppcPC+UYU/bXujNCUGDv01y7CA==}
    engines: {node: '>=20'}

  p-timeout@7.0.2:
    resolution: {integrity: sha512-prbX4Z3YszrFNgH+MW5Zoeq3baXrMtP/MQnFeET90UB/GtGcGDQ5Usg9OCy6ETjTTntOw1SL2z9fMPUppN3Guw==}
    engines: {node: '>=20'}

  paella-core@1.50.5:
    resolution: {integrity: sha512-RUIEDX/efdxP8rEXw47UZn6Ue5MHzivNtQZc6smMmGwR3Q5BuvNVi4QiRx3h4eLUycgv/xwYV2bHZ3fSfJxLag==}

  progress-events@1.1.0:
    resolution: {integrity: sha512-82DVc5tI36neVB3IjdXR11ztwGuoBc98em9ijzubeZKxI47OlV2Znq6mlPqE5xPDzO2Uw98GHiQSjj2favBCRQ==}

  protons-runtime@5.6.0:
    resolution: {integrity: sha512-/Kde+sB9DsMFrddJT/UZWe6XqvL7SL5dbag/DBCElFKhkwDj7XKt53S+mzLyaDP5OqS0wXjV5SA572uWDaT0Hg==}

  protons-runtime@7.1.2:
    resolution: {integrity: sha512-j7Y7MfCwPCxYwopyqDt8+CoJULzdajSBrFAzzfBHEhOTfdvOJ2z1QLK9aK34bSBz6V/9JAAlrsc/rFkIbqppuw==}

  race-event@1.6.1:
    resolution: {integrity: sha512-vi7WH5g5KoTFpu2mme/HqZiWH14XSOtg5rfp6raBskBHl7wnmy3F/biAIyY5MsK+BHWhoPhxtZ1Y2R7OHHaWyQ==}

  race-signal@1.1.3:
    resolution: {integrity: sha512-Mt2NznMgepLfORijhQMncE26IhkmjEphig+/1fKC0OtaKwys/gpvpmswSjoN01SS+VO951mj0L4VIDXdXsjnfA==}

  race-signal@2.0.2:
    resolution: {integrity: sha512-IuNNNY5NLriMFEGl3BVei2xq9NIcpkuAklhPWamhu5tRJrJz0w9sloUMz73YXpmUluE2EZocmJm9rpQqXmCPiA==}

  supports-color@10.2.2:
    resolution: {integrity: sha512-SS+jx45GF1QjgEXQx4NJZV9ImqmO2NPz5FNsIHrsDjh2YsHnawpan7SNQ1o8NuhrbHZy9AZhIoCUiCeaW/C80g==}
    engines: {node: '>=18'}

  uint8-varint@2.0.5:
    resolution: {integrity: sha512-jeFLbL/x30wBRnWjKE1qVBXeumG46r7XmYkpis955lTQ+blccGKFrOsSMHlxePwYB1pI7L8YPHz1t4jLxEs3nA==}

  uint8-varint@3.0.0:
    resolution: {integrity: sha512-S4DdpXBaLwKcFo7f0bWzWfHjbZ/i3QhM842qn+ZvHjxqFCfUcEB9SQNcmI69S+zMlcmIcKxsk9Iyw77S2Kxv6Q==}

  uint8arraylist@2.4.9:
    resolution: {integrity: sha512-KxWjyEFzchzik3aoQlK66oaoxIReoMo5bQRm1fcjBUZvE8xv/tyR3CTKhjh6K/faV8VaF6hd5pjr45CzbwuwkA==}

  uint8arraylist@3.0.2:
    resolution: {integrity: sha512-LDVoq9BQaGJzGDUovEnoX6rpKCvnY/Jbtws4ikwnBzjRbq5qBAFpBZevUEbSmMM87aO0Sp+wOZy2ZXf5yODmXQ==}

  uint8arrays@5.1.1:
    resolution: {integrity: sha512-9muQwa4wZG4dKi9gMAIBtnk2Pw87SRpvWTH6lOGm19V2Uqxr4uomUf2PGqPnWc+qs06sN8owUU4jfcoWOcfwVQ==}

  uint8arrays@6.1.1:
    resolution: {integrity: sha512-iz7JN0XCSZYA111lhFG2Ui9EhFvTNekqSRHw3lvMHq+dzwWy1OQftxFQREEh4rffU0oSoXdQHsk2TiHKVm4fsA==}

  utf8-codec@1.0.0:
    resolution: {integrity: sha512-S/QSLezp3qvG4ld5PUfXiH7mCFxLKjSVZRFkB3DOjgwHuJPFDkInAXc/anf7BAbHt/D38ozDzL+QMZ6/7gsI6w==}

  weald@1.1.3:
    resolution: {integrity: sha512-vMWtNbYuPb58NeG2+0sKA0Een4VMDwzf+3oHqh68buWRSOMUBlUeRb11LhV28czV+DUpJHRykifijZDuS9bInA==}

snapshots:

  '@chainsafe/is-ip@2.1.0': {}

  '@chainsafe/netmask@2.0.0':
    dependencies:
      '@chainsafe/is-ip': 2.1.0

  '@dnsquery/dns-packet@6.1.1':
    dependencies:
      '@leichtgewicht/ip-codec': 2.0.5
      utf8-codec: 1.0.0

  '@leichtgewicht/ip-codec@2.0.5': {}

  '@libp2p/crypto@5.1.23':
    dependencies:
      '@libp2p/interface': 3.3.0
      '@noble/curves': 2.4.0
      '@noble/hashes': 2.4.0
      multiformats: 14.0.5
      protons-runtime: 7.1.2
      uint8arraylist: 3.0.2
      uint8arrays: 6.1.1

  '@libp2p/interface@2.11.0':
    dependencies:
      '@multiformats/dns': 1.0.15
      '@multiformats/multiaddr': 12.5.1
      it-pushable: 3.2.4
      it-stream-types: 2.0.4
      main-event: 1.0.5
      multiformats: 13.4.2
      progress-events: 1.1.0
      uint8arraylist: 2.4.9

  '@libp2p/interface@3.3.0':
    dependencies:
      '@multiformats/dns': 1.0.15
      '@multiformats/multiaddr': 13.0.3
      main-event: 1.0.5
      multiformats: 14.0.5
      progress-events: 1.1.0
      uint8arraylist: 3.0.2

  '@libp2p/logger@5.2.0':
    dependencies:
      '@libp2p/interface': 2.11.0
      '@multiformats/multiaddr': 12.5.1
      interface-datastore: 8.3.2
      multiformats: 13.4.2
      weald: 1.1.3

  '@libp2p/peer-id@5.1.9':
    dependencies:
      '@libp2p/crypto': 5.1.23
      '@libp2p/interface': 2.11.0
      multiformats: 13.4.2
      uint8arrays: 5.1.1

  '@libp2p/peer-record@8.0.35':
    dependencies:
      '@libp2p/crypto': 5.1.23
      '@libp2p/interface': 2.11.0
      '@libp2p/peer-id': 5.1.9
      '@libp2p/utils': 6.7.2
      '@multiformats/multiaddr': 12.5.1
      multiformats: 13.4.2
      protons-runtime: 5.6.0
      uint8-varint: 2.0.5
      uint8arraylist: 2.4.9
      uint8arrays: 5.1.1

  '@libp2p/peer-store@11.0.22':
    dependencies:
      '@libp2p/crypto': 5.1.23
      '@libp2p/interface': 2.11.0
      '@libp2p/peer-id': 5.1.9
      '@libp2p/peer-record': 8.0.35
      '@multiformats/multiaddr': 12.5.1
      interface-datastore: 8.3.2
      it-all: 3.0.11
      mortice: 3.3.1
      multiformats: 13.4.2
      protons-runtime: 5.6.0
      uint8arraylist: 2.4.9
      uint8arrays: 5.1.1

  '@libp2p/utils@6.7.2':
    dependencies:
      '@chainsafe/is-ip': 2.1.0
      '@chainsafe/netmask': 2.0.0
      '@libp2p/crypto': 5.1.23
      '@libp2p/interface': 2.11.0
      '@libp2p/logger': 5.2.0
      '@multiformats/multiaddr': 12.5.1
      '@sindresorhus/fnv1a': 3.1.0
      any-signal: 4.2.0
      delay: 6.0.0
      get-iterator: 2.0.1
      is-loopback-addr: 2.1.0
      is-plain-obj: 4.1.0
      it-foreach: 2.1.7
      it-pipe: 3.0.1
      it-pushable: 3.2.4
      it-stream-types: 2.0.4
      main-event: 1.0.5
      netmask: 2.1.1
      p-defer: 4.0.1
      race-event: 1.6.1
      race-signal: 1.1.3
      uint8arraylist: 2.4.9
      uint8arrays: 5.1.1

  '@multiformats/dns@1.0.15':
    dependencies:
      '@dnsquery/dns-packet': 6.1.1
      '@libp2p/interface': 3.3.0
      hashlru: 2.3.0
      p-queue: 9.3.3
      progress-events: 1.1.0
      uint8arrays: 6.1.1

  '@multiformats/multiaddr@12.5.1':
    dependencies:
      '@chainsafe/is-ip': 2.1.0
      '@chainsafe/netmask': 2.0.0
      '@multiformats/dns': 1.0.15
      abort-error: 1.0.2
      multiformats: 13.4.2
      uint8-varint: 2.0.5
      uint8arrays: 5.1.1

  '@multiformats/multiaddr@13.0.3':
    dependencies:
      '@chainsafe/is-ip': 2.1.0
      multiformats: 14.0.5
      uint8-varint: 3.0.0
      uint8arrays: 6.1.1

  '@noble/curves@2.4.0':
    dependencies:
      '@noble/hashes': 2.4.0

  '@noble/hashes@2.4.0': {}

  '@sindresorhus/fnv1a@3.1.0': {}

  abort-error@1.0.2: {}

  any-signal@4.2.0: {}

  core-js@3.50.0: {}

  delay@6.0.0: {}

  eventemitter3@5.0.4: {}

  get-iterator@2.0.1: {}

  hashlru@2.3.0: {}

  hls.js@1.7.3: {}

  interface-datastore@8.3.2:
    dependencies:
      interface-store: 6.0.3
      uint8arrays: 5.1.1

  interface-store@6.0.3: {}

  is-loopback-addr@2.1.0: {}

  is-plain-obj@4.1.0: {}

  it-all@3.0.11: {}

  it-foreach@2.1.7:
    dependencies:
      it-peekable: 3.0.10

  it-merge@3.0.15:
    dependencies:
      it-queueless-pushable: 2.0.5

  it-peekable@3.0.10: {}

  it-pipe@3.0.1:
    dependencies:
      it-merge: 3.0.15
      it-pushable: 3.2.4
      it-stream-types: 2.0.4

  it-pushable@3.2.4:
    dependencies:
      p-defer: 4.0.1

  it-queue@1.1.4:
    dependencies:
      abort-error: 1.0.2
      it-pushable: 3.2.4
      main-event: 1.0.5
      race-event: 1.6.1
      race-signal: 2.0.2

  it-queueless-pushable@2.0.5:
    dependencies:
      abort-error: 1.0.2
      p-defer: 4.0.1
      race-signal: 2.0.2

  it-stream-types@2.0.4: {}

  main-event@1.0.5: {}

  mortice@3.3.1:
    dependencies:
      abort-error: 1.0.2
      it-queue: 1.1.4
      main-event: 1.0.5

  ms@4.0.0-nightly.202508271359: {}

  multiformats@13.4.2: {}

  multiformats@14.0.5: {}

  netmask@2.1.1: {}

  p-defer@4.0.1: {}

  p-queue@9.3.3:
    dependencies:
      eventemitter3: 5.0.4
      p-timeout: 7.0.2

  p-timeout@7.0.2: {}

  paella-core@1.50.5:
    dependencies:
      core-js: 3.50.0
      hls.js: 1.7.3

  progress-events@1.1.0: {}

  protons-runtime@5.6.0:
    dependencies:
      uint8-varint: 2.0.5
      uint8arraylist: 2.4.9
      uint8arrays: 5.1.1

  protons-runtime@7.1.2:
    dependencies:
      uint8-varint: 3.0.0
      uint8arraylist: 3.0.2
      uint8arrays: 6.1.1

  race-event@1.6.1:
    dependencies:
      abort-error: 1.0.2

  race-signal@1.1.3: {}

  race-signal@2.0.2: {}

  supports-color@10.2.2: {}

  uint8-varint@2.0.5:
    dependencies:
      uint8arraylist: 2.4.9
      uint8arrays: 5.1.1

  uint8-varint@3.0.0:
    dependencies:
      uint8arraylist: 3.0.2
      uint8arrays: 6.1.1

  uint8arraylist@2.4.9:
    dependencies:
      uint8arrays: 5.1.1

  uint8arraylist@3.0.2:
    dependencies:
      uint8arrays: 6.1.1

  uint8arrays@5.1.1:
    dependencies:
      multiformats: 13.4.2

  uint8arrays@6.1.1:
    dependencies:
      multiformats: 14.0.5

  utf8-codec@1.0.0: {}

  weald@1.1.3:
    dependencies:
      ms: 4.0.0-nightly.202508271359
      supports-color: 10.2.2
